
Microsoft Visual Studio Solution File, Format Version 12.00
# Visual Studio Version 16
VisualStudioVersion = 16.0.31729.503
MinimumVisualStudioVersion = 10.0.40219.1
Project("{FAE04EC0-301F-11D3-BF4B-00C04F79EFBC}") = "Quiz6_test", "Quiz6_test\Quiz6_test.csproj", "{EE467B85-5217-42BC-B1CC-D85A40F99B51}"
EndProject
Global
	GlobalSection(SolutionConfigurationPlatforms) = preSolution
		Debug|Any CPU = Debug|Any CPU
		Release|Any CPU = Release|Any CPU
	EndGlobalSection
	GlobalSection(ProjectConfigurationPlatforms) = postSolution
		{EE467B85-5217-42BC-B1CC-D85A40F99B51}.Debug|Any CPU.ActiveCfg = Debug|Any CPU
		{EE467B85-5217-42BC-B1CC-D85A40F99B51}.Debug|Any CPU.Build.0 = Debug|Any CPU
		{EE467B85-5217-42BC-B1CC-D85A40F99B51}.Release|Any CPU.ActiveCfg = Release|Any CPU
		{EE467B85-5217-42BC-B1CC-D85A40F99B51}.Release|Any CPU.Build.0 = Release|Any CPU
	EndGlobalSection
	GlobalSection(SolutionProperties) = preSolution
		HideSolutionNode = FALSE
	EndGlobalSection
	GlobalSection(ExtensibilityGlobals) = postSolution
		SolutionGuid = {C59C0983-4992-422D-84AF-5E589CF499FC}
	EndGlobalSection
EndGlobal
