
Microsoft Visual Studio Solution File, Format Version 12.00
# Visual Studio Version 16
VisualStudioVersion = 16.0.31702.278
MinimumVisualStudioVersion = 10.0.40219.1
Project("{FAE04EC0-301F-11D3-BF4B-00C04F79EFBC}") = "classwork1_2", "classwork1_2\classwork1_2.csproj", "{051615F0-F8BA-42EB-AC09-B53DD3EB569B}"
EndProject
Global
	GlobalSection(SolutionConfigurationPlatforms) = preSolution
		Debug|Any CPU = Debug|Any CPU
		Release|Any CPU = Release|Any CPU
	EndGlobalSection
	GlobalSection(ProjectConfigurationPlatforms) = postSolution
		{051615F0-F8BA-42EB-AC09-B53DD3EB569B}.Debug|Any CPU.ActiveCfg = Debug|Any CPU
		{051615F0-F8BA-42EB-AC09-B53DD3EB569B}.Debug|Any CPU.Build.0 = Debug|Any CPU
		{051615F0-F8BA-42EB-AC09-B53DD3EB569B}.Release|Any CPU.ActiveCfg = Release|Any CPU
		{051615F0-F8BA-42EB-AC09-B53DD3EB569B}.Release|Any CPU.Build.0 = Release|Any CPU
	EndGlobalSection
	GlobalSection(SolutionProperties) = preSolution
		HideSolutionNode = FALSE
	EndGlobalSection
	GlobalSection(ExtensibilityGlobals) = postSolution
		SolutionGuid = {B4D762E7-7FC2-4339-A4C8-B3A7BABB9677}
	EndGlobalSection
EndGlobal
