
Microsoft Visual Studio Solution File, Format Version 12.00
# Visual Studio Version 16
VisualStudioVersion = 16.0.31702.278
MinimumVisualStudioVersion = 10.0.40219.1
Project("{FAE04EC0-301F-11D3-BF4B-00C04F79EFBC}") = "classwork1_6", "classwork1_6\classwork1_6.csproj", "{7A9428E6-7400-451D-AE4E-7B412C7A11A2}"
EndProject
Global
	GlobalSection(SolutionConfigurationPlatforms) = preSolution
		Debug|Any CPU = Debug|Any CPU
		Release|Any CPU = Release|Any CPU
	EndGlobalSection
	GlobalSection(ProjectConfigurationPlatforms) = postSolution
		{7A9428E6-7400-451D-AE4E-7B412C7A11A2}.Debug|Any CPU.ActiveCfg = Debug|Any CPU
		{7A9428E6-7400-451D-AE4E-7B412C7A11A2}.Debug|Any CPU.Build.0 = Debug|Any CPU
		{7A9428E6-7400-451D-AE4E-7B412C7A11A2}.Release|Any CPU.ActiveCfg = Release|Any CPU
		{7A9428E6-7400-451D-AE4E-7B412C7A11A2}.Release|Any CPU.Build.0 = Release|Any CPU
	EndGlobalSection
	GlobalSection(SolutionProperties) = preSolution
		HideSolutionNode = FALSE
	EndGlobalSection
	GlobalSection(ExtensibilityGlobals) = postSolution
		SolutionGuid = {E72B7467-DB43-4973-A678-32A3ABD4CD69}
	EndGlobalSection
EndGlobal
