
Microsoft Visual Studio Solution File, Format Version 12.00
# Visual Studio Version 16
VisualStudioVersion = 16.0.31702.278
MinimumVisualStudioVersion = 10.0.40219.1
Project("{FAE04EC0-301F-11D3-BF4B-00C04F79EFBC}") = "classwork1_4", "classwork1_4\classwork1_4.csproj", "{ECDF860C-17C7-4838-B0E3-FD4317E5463D}"
EndProject
Global
	GlobalSection(SolutionConfigurationPlatforms) = preSolution
		Debug|Any CPU = Debug|Any CPU
		Release|Any CPU = Release|Any CPU
	EndGlobalSection
	GlobalSection(ProjectConfigurationPlatforms) = postSolution
		{ECDF860C-17C7-4838-B0E3-FD4317E5463D}.Debug|Any CPU.ActiveCfg = Debug|Any CPU
		{ECDF860C-17C7-4838-B0E3-FD4317E5463D}.Debug|Any CPU.Build.0 = Debug|Any CPU
		{ECDF860C-17C7-4838-B0E3-FD4317E5463D}.Release|Any CPU.ActiveCfg = Release|Any CPU
		{ECDF860C-17C7-4838-B0E3-FD4317E5463D}.Release|Any CPU.Build.0 = Release|Any CPU
	EndGlobalSection
	GlobalSection(SolutionProperties) = preSolution
		HideSolutionNode = FALSE
	EndGlobalSection
	GlobalSection(ExtensibilityGlobals) = postSolution
		SolutionGuid = {008B3967-BE6D-4108-9FC4-E778AF89E1E9}
	EndGlobalSection
EndGlobal
