
Microsoft Visual Studio Solution File, Format Version 12.00
# Visual Studio Version 16
VisualStudioVersion = 16.0.31729.503
MinimumVisualStudioVersion = 10.0.40219.1
Project("{FAE04EC0-301F-11D3-BF4B-00C04F79EFBC}") = "Quiz5", "Quiz5\Quiz5.csproj", "{7DDE46E0-E642-4BD5-92B2-D07A61DE3E32}"
EndProject
Global
	GlobalSection(SolutionConfigurationPlatforms) = preSolution
		Debug|Any CPU = Debug|Any CPU
		Release|Any CPU = Release|Any CPU
	EndGlobalSection
	GlobalSection(ProjectConfigurationPlatforms) = postSolution
		{7DDE46E0-E642-4BD5-92B2-D07A61DE3E32}.Debug|Any CPU.ActiveCfg = Debug|Any CPU
		{7DDE46E0-E642-4BD5-92B2-D07A61DE3E32}.Debug|Any CPU.Build.0 = Debug|Any CPU
		{7DDE46E0-E642-4BD5-92B2-D07A61DE3E32}.Release|Any CPU.ActiveCfg = Release|Any CPU
		{7DDE46E0-E642-4BD5-92B2-D07A61DE3E32}.Release|Any CPU.Build.0 = Release|Any CPU
	EndGlobalSection
	GlobalSection(SolutionProperties) = preSolution
		HideSolutionNode = FALSE
	EndGlobalSection
	GlobalSection(ExtensibilityGlobals) = postSolution
		SolutionGuid = {ACACFFE9-D46D-48A4-B258-A88BD31A2CF1}
	EndGlobalSection
EndGlobal
